// !$*UTF8*$!
{
	archiveVersion = 1;
	classes = {
	};
	objectVersion = 46;
	objects = {

/* Begin PBXBuildFile section */
		ADBBEA5819BB33370058A909 /* main.cpp in Sources */ = {isa = PBXBuildFile; fileRef = ADBBEA5619BB33370058A909 /* main.cpp */; };
		ADBBEA5A19BB341B0058A909 /* SDL2.framework in Frameworks */ = {isa = PBXBuildFile; fileRef = ADBBEA5919BB341B0058A909 /* SDL2.framework */; };
		ADBBEA5C19BB345C0058A909 /* OpenGL.framework in Frameworks */ = {isa = PBXBuildFile; fileRef = ADBBEA5B19BB345C0058A909 /* OpenGL.framework */; };
/* End PBXBuildFile section */

/* Begin PBXCopyFilesBuildPhase section */
		ADBBEA4619BB32930058A909 /* CopyFiles */ = {
			isa = PBXCopyFilesBuildPhase;
			buildActionMask = 2147483647;
			dstPath = /usr/share/man/man1/;
			dstSubfolderSpec = 0;
			files = (
			);
			runOnlyForDeploymentPostprocessing = 1;
		};
/* End PBXCopyFilesBuildPhase section */

/* Begin PBXFileReference section */
		ADBBEA4819BB32930058A909 /* particles */ = {isa = PBXFileReference; explicitFileType = "compiled.mach-o.executable"; includeInIndex = 0; path = particles; sourceTree = BUILT_PRODUCTS_DIR; };
		ADBBEA5619BB33370058A909 /* main.cpp */ = {isa = PBXFileReference; fileEncoding = 4; lastKnownFileType = sourcecode.cpp.cpp; path = main.cpp; sourceTree = "<group>"; };
		ADBBEA5919BB341B0058A909 /* SDL2.framework */ = {isa = PBXFileReference; lastKnownFileType = wrapper.framework; name = SDL2.framework; path = ../../../../../../../../Library/Frameworks/SDL2.framework; sourceTree = "<group>"; };
		ADBBEA5B19BB345C0058A909 /* OpenGL.framework */ = {isa = PBXFileReference; lastKnownFileType = wrapper.framework; name = OpenGL.framework; path = System/Library/Frameworks/OpenGL.framework; sourceTree = SDKROOT; };
		ADBBEA5D19BB35E60058A909 /* Context.h */ = {isa = PBXFileReference; fileEncoding = 4; lastKnownFileType = sourcecode.c.h; path = Context.h; sourceTree = "<group>"; };
/* End PBXFileReference section */

/* Begin PBXFrameworksBuildPhase section */
		ADBBEA4519BB32930058A909 /* Frameworks */ = {
			isa = PBXFrameworksBuildPhase;
			buildActionMask = 2147483647;
			files = (
				ADBBEA5C19BB345C0058A909 /* OpenGL.framework in Frameworks */,
				ADBBEA5A19BB341B0058A909 /* SDL2.framework in Frameworks */,
			);
			runOnlyForDeploymentPostprocessing = 0;
		};
/* End PBXFrameworksBuildPhase section */

/* Begin PBXGroup section */
		ADBBEA3F19BB32930058A909 = {
			isa = PBXGroup;
			children = (
				ADBBEA5B19BB345C0058A909 /* OpenGL.framework */,
				ADBBEA5919BB341B0058A909 /* SDL2.framework */,
				ADBBEA5519BB32EB0058A909 /* include */,
				ADBBEA5419BB32E10058A909 /* src */,
				ADBBEA4919BB32930058A909 /* Products */,
			);
			sourceTree = "<group>";
		};
		ADBBEA4919BB32930058A909 /* Products */ = {
			isa = PBXGroup;
			children = (
				ADBBEA4819BB32930058A909 /* particles */,
			);
			name = Products;
			sourceTree = "<group>";
		};
		ADBBEA5419BB32E10058A909 /* src */ = {
			isa = PBXGroup;
			children = (
				ADBBEA5619BB33370058A909 /* main.cpp */,
				ADBBEA5D19BB35E60058A909 /* Context.h */,
			);
			name = src;
			path = ../../../src;
			sourceTree = "<group>";
		};
		ADBBEA5519BB32EB0058A909 /* include */ = {
			isa = PBXGroup;
			children = (
			);
			name = include;
			path = ../../../include;
			sourceTree = "<group>";
		};
/* End PBXGroup section */

/* Begin PBXNativeTarget section */
		ADBBEA4719BB32930058A909 /* particles */ = {
			isa = PBXNativeTarget;
			buildConfigurationList = ADBBEA5119BB32930058A909 /* Build configuration list for PBXNativeTarget "particles" */;
			buildPhases = (
				ADBBEA4419BB32930058A909 /* Sources */,
				ADBBEA4519BB32930058A909 /* Frameworks */,
				ADBBEA4619BB32930058A909 /* CopyFiles */,
			);
			buildRules = (
			);
			dependencies = (
			);
			name = particles;
			productName = particles;
			productReference = ADBBEA4819BB32930058A909 /* particles */;
			productType = "com.apple.product-type.tool";
		};
/* End PBXNativeTarget section */

/* Begin PBXProject section */
		ADBBEA4019BB32930058A909 /* Project object */ = {
			isa = PBXProject;
			attributes = {
				LastUpgradeCheck = 0510;
				ORGANIZATIONNAME = jedarnaude;
			};
			buildConfigurationList = ADBBEA4319BB32930058A909 /* Build configuration list for PBXProject "particles" */;
			compatibilityVersion = "Xcode 3.2";
			developmentRegion = English;
			hasScannedForEncodings = 0;
			knownRegions = (
				en,
			);
			mainGroup = ADBBEA3F19BB32930058A909;
			productRefGroup = ADBBEA4919BB32930058A909 /* Products */;
			projectDirPath = "";
			projectRoot = "";
			targets = (
				ADBBEA4719BB32930058A909 /* particles */,
			);
		};
/* End PBXProject section */

/* Begin PBXSourcesBuildPhase section */
		ADBBEA4419BB32930058A909 /* Sources */ = {
			isa = PBXSourcesBuildPhase;
			buildActionMask = 2147483647;
			files = (
				ADBBEA5819BB33370058A909 /* main.cpp in Sources */,
			);
			runOnlyForDeploymentPostprocessing = 0;
		};
/* End PBXSourcesBuildPhase section */

/* Begin XCBuildConfiguration section */
		ADBBEA4F19BB32930058A909 /* Debug */ = {
			isa = XCBuildConfiguration;
			buildSettings = {
				ALWAYS_SEARCH_USER_PATHS = NO;
				CLANG_CXX_LANGUAGE_STANDARD = "gnu++0x";
				CLANG_CXX_LIBRARY = "libc++";
				CLANG_ENABLE_MODULES = YES;
				CLANG_ENABLE_OBJC_ARC = YES;
				CLANG_WARN_BOOL_CONVERSION = YES;
				CLANG_WARN_CONSTANT_CONVERSION = YES;
				CLANG_WARN_DIRECT_OBJC_ISA_USAGE = YES_ERROR;
				CLANG_WARN_EMPTY_BODY = YES;
				CLANG_WARN_ENUM_CONVERSION = YES;
				CLANG_WARN_INT_CONVERSION = YES;
				CLANG_WARN_OBJC_ROOT_CLASS = YES_ERROR;
				CLANG_WARN__DUPLICATE_METHOD_MATCH = YES;
				COPY_PHASE_STRIP = NO;
				GCC_C_LANGUAGE_STANDARD = gnu99;
				GCC_DYNAMIC_NO_PIC = NO;
				GCC_ENABLE_OBJC_EXCEPTIONS = YES;
				GCC_OPTIMIZATION_LEVEL = 0;
				GCC_PREPROCESSOR_DEFINITIONS = (
					"DEBUG=1",
					"$(inherited)",
				);
				GCC_SYMBOLS_PRIVATE_EXTERN = NO;
				GCC_WARN_64_TO_32_BIT_CONVERSION = YES;
				GCC_WARN_ABOUT_RETURN_TYPE = YES_ERROR;
				GCC_WARN_UNDECLARED_SELECTOR = YES;
				GCC_WARN_UNINITIALIZED_AUTOS = YES_AGGRESSIVE;
				GCC_WARN_UNUSED_FUNCTION = YES;
				GCC_WARN_UNUSED_VARIABLE = YES;
				MACOSX_DEPLOYMENT_TARGET = 10.8;
				ONLY_ACTIVE_ARCH = YES;
				SDKROOT = macosx;
			};
			name = Debug;
		};
		ADBBEA5019BB32930058A909 /* Release */ = {
			isa = XCBuildConfiguration;
			buildSettings = {
				ALWAYS_SEARCH_USER_PATHS = NO;
				CLANG_CXX_LANGUAGE_STANDARD = "gnu++0x";
				CLANG_CXX_LIBRARY = "libc++";
				CLANG_ENABLE_MODULES = YES;
				CLANG_ENABLE_OBJC_ARC = YES;
				CLANG_WARN_BOOL_CONVERSION = YES;
				CLANG_WARN_CONSTANT_CONVERSION = YES;
				CLANG_WARN_DIRECT_OBJC_ISA_USAGE = YES_ERROR;
				CLANG_WARN_EMPTY_BODY = YES;
				CLANG_WARN_ENUM_CONVERSION = YES;
				CLANG_WARN_INT_CONVERSION = YES;
				CLANG_WARN_OBJC_ROOT_CLASS = YES_ERROR;
				CLANG_WARN__DUPLICATE_METHOD_MATCH = YES;
				COPY_PHASE_STRIP = YES;
				DEBUG_INFORMATION_FORMAT = "dwarf-with-dsym";
				ENABLE_NS_ASSERTIONS = NO;
				GCC_C_LANGUAGE_STANDARD = gnu99;
				GCC_ENABLE_OBJC_EXCEPTIONS = YES;
				GCC_WARN_64_TO_32_BIT_CONVERSION = YES;
				GCC_WARN_ABOUT_RETURN_TYPE = YES_ERROR;
				GCC_WARN_UNDECLARED_SELECTOR = YES;
				GCC_WARN_UNINITIALIZED_AUTOS = YES_AGGRESSIVE;
				GCC_WARN_UNUSED_FUNCTION = YES;
				GCC_WARN_UNUSED_VARIABLE = YES;
				MACOSX_DEPLOYMENT_TARGET = 10.8;
				SDKROOT = macosx;
			};
			name = Release;
		};
		ADBBEA5219BB32930058A909 /* Debug */ = {
			isa = XCBuildConfiguration;
			buildSettings = {
				FRAMEWORK_SEARCH_PATHS = (
					"$(inherited)",
					"$(LOCAL_LIBRARY_DIR)/Frameworks",
				);
				PRODUCT_NAME = "$(TARGET_NAME)";
			};
			name = Debug;
		};
		ADBBEA5319BB32930058A909 /* Release */ = {
			isa = XCBuildConfiguration;
			buildSettings = {
				FRAMEWORK_SEARCH_PATHS = (
					"$(inherited)",
					"$(LOCAL_LIBRARY_DIR)/Frameworks",
				);
				PRODUCT_NAME = "$(TARGET_NAME)";
			};
			name = Release;
		};
/* End XCBuildConfiguration section */

/* Begin XCConfigurationList section */
		ADBBEA4319BB32930058A909 /* Build configuration list for PBXProject "particles" */ = {
			isa = XCConfigurationList;
			buildConfigurations = (
				ADBBEA4F19BB32930058A909 /* Debug */,
				ADBBEA5019BB32930058A909 /* Release */,
			);
			defaultConfigurationIsVisible = 0;
			defaultConfigurationName = Release;
		};
		ADBBEA5119BB32930058A909 /* Build configuration list for PBXNativeTarget "particles" */ = {
			isa = XCConfigurationList;
			buildConfigurations = (
				ADBBEA5219BB32930058A909 /* Debug */,
				ADBBEA5319BB32930058A909 /* Release */,
			);
			defaultConfigurationIsVisible = 0;
		};
/* End XCConfigurationList section */
	};
	rootObject = ADBBEA4019BB32930058A909 /* Project object */;
}
